
Microsoft Visual Studio Solution File, Format Version 12.00
# Visual Studio Version 17
VisualStudioVersion = 17.8.34511.84
MinimumVisualStudioVersion = 10.0.40219.1
Project("{8BC9CEB8-8B4A-11D0-8D11-00A0C91BC942}") = "AIE01_Binary", "AIE01_Binary\AIE01_Binary.vcxproj", "{E3D9A6E4-9CB5-4956-B2EF-A7E6364BA9EE}"
	ProjectSection(ProjectDependencies) = postProject
		{887DDD15-8416-44B3-8C1E-5F97686A1E7D} = {887DDD15-8416-44B3-8C1E-5F97686A1E7D}
	EndProjectSection
EndProject
Project("{2150E333-8FDC-42A3-9474-1A3956D46DE8}") = "External", "External", "{20AE4286-8141-460E-BCD2-07048DB4B52A}"
EndProject
Project("{8BC9CEB8-8B4A-11D0-8D11-00A0C91BC942}") = "AIE02_Vector2Operators", "AIE02_Vector2Operators\AIE02_Vector2Operators.vcxproj", "{9E31B4DE-3BAF-41E2-8D93-6D49ED287ACA}"
	ProjectSection(ProjectDependencies) = postProject
		{887DDD15-8416-44B3-8C1E-5F97686A1E7D} = {887DDD15-8416-44B3-8C1E-5F97686A1E7D}
	EndProjectSection
EndProject
Project("{8BC9CEB8-8B4A-11D0-8D11-00A0C91BC942}") = "AIE03_Vector2Length", "AIE03_Vector2Length\AIE03_Vector2Length.vcxproj", "{CE07D029-FBC2-4681-BB6A-30DF8EF7736F}"
	ProjectSection(ProjectDependencies) = postProject
		{887DDD15-8416-44B3-8C1E-5F97686A1E7D} = {887DDD15-8416-44B3-8C1E-5F97686A1E7D}
	EndProjectSection
EndProject
Project("{8BC9CEB8-8B4A-11D0-8D11-00A0C91BC942}") = "AIE04_MoveTowardPoint", "AIE04_MoveTowardPoint\AIE04_MoveTowardPoint.vcxproj", "{CB6357EE-7C81-4D43-9173-D4571A4FB4C5}"
	ProjectSection(ProjectDependencies) = postProject
		{887DDD15-8416-44B3-8C1E-5F97686A1E7D} = {887DDD15-8416-44B3-8C1E-5F97686A1E7D}
	EndProjectSection
EndProject
Project("{8BC9CEB8-8B4A-11D0-8D11-00A0C91BC942}") = "AIE05_FollowPath", "AIE05_FollowPath\AIE05_FollowPath.vcxproj", "{30F9FDDE-570E-40B6-AD9C-13DE2A47634D}"
	ProjectSection(ProjectDependencies) = postProject
		{887DDD15-8416-44B3-8C1E-5F97686A1E7D} = {887DDD15-8416-44B3-8C1E-5F97686A1E7D}
	EndProjectSection
EndProject
Project("{8BC9CEB8-8B4A-11D0-8D11-00A0C91BC942}") = "AIE06_CrossFinishLine", "AIE06_CrossFinishLine\AIE06_CrossFinishLine.vcxproj", "{67583E0A-01E1-4B7F-8685-09CF8D6F966F}"
	ProjectSection(ProjectDependencies) = postProject
		{887DDD15-8416-44B3-8C1E-5F97686A1E7D} = {887DDD15-8416-44B3-8C1E-5F97686A1E7D}
	EndProjectSection
EndProject
Project("{8BC9CEB8-8B4A-11D0-8D11-00A0C91BC942}") = "AIE07_OverlappingCircles", "AIE07_OverlappingCircles\AIE07_OverlappingCircles.vcxproj", "{125AA28E-C823-43A4-BDD8-FB9E9E56B0AC}"
	ProjectSection(ProjectDependencies) = postProject
		{887DDD15-8416-44B3-8C1E-5F97686A1E7D} = {887DDD15-8416-44B3-8C1E-5F97686A1E7D}
	EndProjectSection
EndProject
Project("{8BC9CEB8-8B4A-11D0-8D11-00A0C91BC942}") = "AIE08_Vector2Rotation", "AIE08_Vector2Rotation\AIE08_Vector2Rotation.vcxproj", "{5FC6D5E8-FD93-4304-96B7-BA4160E08E54}"
	ProjectSection(ProjectDependencies) = postProject
		{887DDD15-8416-44B3-8C1E-5F97686A1E7D} = {887DDD15-8416-44B3-8C1E-5F97686A1E7D}
	EndProjectSection
EndProject
Project("{8BC9CEB8-8B4A-11D0-8D11-00A0C91BC942}") = "AIE09_ClockFace", "AIE09_ClockFace\AIE09_ClockFace.vcxproj", "{A4722B8F-985D-4A7E-9E36-204AC9ED8244}"
	ProjectSection(ProjectDependencies) = postProject
		{887DDD15-8416-44B3-8C1E-5F97686A1E7D} = {887DDD15-8416-44B3-8C1E-5F97686A1E7D}
	EndProjectSection
EndProject
Project("{8BC9CEB8-8B4A-11D0-8D11-00A0C91BC942}") = "AIE10_Matrix3DebugRendering", "AIE10_Matrix3DebugRendering\AIE10_Matrix3DebugRendering.vcxproj", "{DB51C73B-4063-412E-BFCC-AAF07CFC5496}"
	ProjectSection(ProjectDependencies) = postProject
		{887DDD15-8416-44B3-8C1E-5F97686A1E7D} = {887DDD15-8416-44B3-8C1E-5F97686A1E7D}
	EndProjectSection
EndProject
Project("{8BC9CEB8-8B4A-11D0-8D11-00A0C91BC942}") = "AIE11_Matrix3Translation", "AIE11_Matrix3Translation\AIE11_Matrix3Translation.vcxproj", "{8CE27E4B-23C8-4F17-8A26-CCAAACE17895}"
	ProjectSection(ProjectDependencies) = postProject
		{887DDD15-8416-44B3-8C1E-5F97686A1E7D} = {887DDD15-8416-44B3-8C1E-5F97686A1E7D}
	EndProjectSection
EndProject
Project("{8BC9CEB8-8B4A-11D0-8D11-00A0C91BC942}") = "AIE12_Matrix3Scale", "AIE12_Matrix3Scale\AIE12_Matrix3Scale.vcxproj", "{3EE7F6A4-CBB1-464A-A677-EA7E3050E0B1}"
	ProjectSection(ProjectDependencies) = postProject
		{887DDD15-8416-44B3-8C1E-5F97686A1E7D} = {887DDD15-8416-44B3-8C1E-5F97686A1E7D}
	EndProjectSection
EndProject
Project("{8BC9CEB8-8B4A-11D0-8D11-00A0C91BC942}") = "AIE13_Matrix3Rotate", "AIE13_Matrix3Rotate\AIE13_Matrix3Rotate.vcxproj", "{2DAB6637-CD13-41A3-91F2-BA6D9E166C4E}"
	ProjectSection(ProjectDependencies) = postProject
		{887DDD15-8416-44B3-8C1E-5F97686A1E7D} = {887DDD15-8416-44B3-8C1E-5F97686A1E7D}
	EndProjectSection
EndProject
Project("{8BC9CEB8-8B4A-11D0-8D11-00A0C91BC942}") = "AIE14_MatrixMultiply", "AIE14_MatrixMultiply\AIE14_MatrixMultiply.vcxproj", "{6FE7D865-4E39-47D2-8EC5-FEFF393D9B6D}"
	ProjectSection(ProjectDependencies) = postProject
		{887DDD15-8416-44B3-8C1E-5F97686A1E7D} = {887DDD15-8416-44B3-8C1E-5F97686A1E7D}
	EndProjectSection
EndProject
Project("{8BC9CEB8-8B4A-11D0-8D11-00A0C91BC942}") = "AIE15_MatrixTransform", "AIE15_MatrixTransform\AIE15_MatrixTransform.vcxproj", "{6C8DAB52-EB74-4898-BE62-5A8DC3B44573}"
	ProjectSection(ProjectDependencies) = postProject
		{887DDD15-8416-44B3-8C1E-5F97686A1E7D} = {887DDD15-8416-44B3-8C1E-5F97686A1E7D}
	EndProjectSection
EndProject
Project("{8BC9CEB8-8B4A-11D0-8D11-00A0C91BC942}") = "AIE16_Matrix3TransformVector", "AIE16_Matrix3TransformVector\AIE16_Matrix3TransformVector.vcxproj", "{0D05D4C6-E416-49B8-A50F-CB70499EC0D4}"
	ProjectSection(ProjectDependencies) = postProject
		{887DDD15-8416-44B3-8C1E-5F97686A1E7D} = {887DDD15-8416-44B3-8C1E-5F97686A1E7D}
	EndProjectSection
EndProject
Project("{8BC9CEB8-8B4A-11D0-8D11-00A0C91BC942}") = "AIE17_SceneGraphPlanets", "AIE17_SceneGraphPlanets\AIE17_SceneGraphPlanets.vcxproj", "{BC24D677-831E-4FA9-B1E4-F5B02A085577}"
	ProjectSection(ProjectDependencies) = postProject
		{887DDD15-8416-44B3-8C1E-5F97686A1E7D} = {887DDD15-8416-44B3-8C1E-5F97686A1E7D}
	EndProjectSection
EndProject
Project("{8BC9CEB8-8B4A-11D0-8D11-00A0C91BC942}") = "AIE18_SceneGraphPlanetsSprite", "AIE18_SceneGraphPlanetsSprite\AIE18_SceneGraphPlanetsSprite.vcxproj", "{2254B33B-5978-483D-BD0F-E73E000CCDBE}"
	ProjectSection(ProjectDependencies) = postProject
		{887DDD15-8416-44B3-8C1E-5F97686A1E7D} = {887DDD15-8416-44B3-8C1E-5F97686A1E7D}
	EndProjectSection
EndProject
Project("{8BC9CEB8-8B4A-11D0-8D11-00A0C91BC942}") = "AIE19_CircleToCircle", "AIE19_CircleToCircle\AIE19_CircleToCircle.vcxproj", "{D17EB761-1C4E-45A2-92D7-251C0697F5F9}"
	ProjectSection(ProjectDependencies) = postProject
		{887DDD15-8416-44B3-8C1E-5F97686A1E7D} = {887DDD15-8416-44B3-8C1E-5F97686A1E7D}
	EndProjectSection
EndProject
Project("{8BC9CEB8-8B4A-11D0-8D11-00A0C91BC942}") = "AIE20_BoxToBox", "AIE20_BoxToBox\AIE20_BoxToBox.vcxproj", "{E1E53B78-0B80-4544-A02B-38FE3FF7E210}"
	ProjectSection(ProjectDependencies) = postProject
		{887DDD15-8416-44B3-8C1E-5F97686A1E7D} = {887DDD15-8416-44B3-8C1E-5F97686A1E7D}
	EndProjectSection
EndProject
Project("{8BC9CEB8-8B4A-11D0-8D11-00A0C91BC942}") = "AIE21_Curves", "AIE21_Curves\AIE21_Curves.vcxproj", "{34C1105F-9DFB-4DFE-9284-34BE3EDBD979}"
	ProjectSection(ProjectDependencies) = postProject
		{887DDD15-8416-44B3-8C1E-5F97686A1E7D} = {887DDD15-8416-44B3-8C1E-5F97686A1E7D}
	EndProjectSection
EndProject
Project("{8BC9CEB8-8B4A-11D0-8D11-00A0C91BC942}") = "AIE22_Interpolation", "AIE22_Interpolation\AIE22_Interpolation.vcxproj", "{5B9E2F84-745A-483A-9F2B-351DE2D27F84}"
	ProjectSection(ProjectDependencies) = postProject
		{887DDD15-8416-44B3-8C1E-5F97686A1E7D} = {887DDD15-8416-44B3-8C1E-5F97686A1E7D}
	EndProjectSection
EndProject
Project("{8BC9CEB8-8B4A-11D0-8D11-00A0C91BC942}") = "MathLib", "_EXTERNAL_\MathLib\MathLib.vcxproj", "{887DDD15-8416-44B3-8C1E-5F97686A1E7D}"
EndProject
Global
	GlobalSection(SolutionConfigurationPlatforms) = preSolution
		Debug|x64 = Debug|x64
		Debug|x86 = Debug|x86
		Release|x64 = Release|x64
		Release|x86 = Release|x86
	EndGlobalSection
	GlobalSection(ProjectConfigurationPlatforms) = postSolution
		{E3D9A6E4-9CB5-4956-B2EF-A7E6364BA9EE}.Debug|x64.ActiveCfg = Debug|x64
		{E3D9A6E4-9CB5-4956-B2EF-A7E6364BA9EE}.Debug|x64.Build.0 = Debug|x64
		{E3D9A6E4-9CB5-4956-B2EF-A7E6364BA9EE}.Debug|x86.ActiveCfg = Debug|Win32
		{E3D9A6E4-9CB5-4956-B2EF-A7E6364BA9EE}.Debug|x86.Build.0 = Debug|Win32
		{E3D9A6E4-9CB5-4956-B2EF-A7E6364BA9EE}.Release|x64.ActiveCfg = Release|x64
		{E3D9A6E4-9CB5-4956-B2EF-A7E6364BA9EE}.Release|x64.Build.0 = Release|x64
		{E3D9A6E4-9CB5-4956-B2EF-A7E6364BA9EE}.Release|x86.ActiveCfg = Release|Win32
		{E3D9A6E4-9CB5-4956-B2EF-A7E6364BA9EE}.Release|x86.Build.0 = Release|Win32
		{9E31B4DE-3BAF-41E2-8D93-6D49ED287ACA}.Debug|x64.ActiveCfg = Debug|x64
		{9E31B4DE-3BAF-41E2-8D93-6D49ED287ACA}.Debug|x64.Build.0 = Debug|x64
		{9E31B4DE-3BAF-41E2-8D93-6D49ED287ACA}.Debug|x86.ActiveCfg = Debug|Win32
		{9E31B4DE-3BAF-41E2-8D93-6D49ED287ACA}.Debug|x86.Build.0 = Debug|Win32
		{9E31B4DE-3BAF-41E2-8D93-6D49ED287ACA}.Release|x64.ActiveCfg = Release|x64
		{9E31B4DE-3BAF-41E2-8D93-6D49ED287ACA}.Release|x64.Build.0 = Release|x64
		{9E31B4DE-3BAF-41E2-8D93-6D49ED287ACA}.Release|x86.ActiveCfg = Release|Win32
		{9E31B4DE-3BAF-41E2-8D93-6D49ED287ACA}.Release|x86.Build.0 = Release|Win32
		{CE07D029-FBC2-4681-BB6A-30DF8EF7736F}.Debug|x64.ActiveCfg = Debug|x64
		{CE07D029-FBC2-4681-BB6A-30DF8EF7736F}.Debug|x64.Build.0 = Debug|x64
		{CE07D029-FBC2-4681-BB6A-30DF8EF7736F}.Debug|x86.ActiveCfg = Debug|Win32
		{CE07D029-FBC2-4681-BB6A-30DF8EF7736F}.Debug|x86.Build.0 = Debug|Win32
		{CE07D029-FBC2-4681-BB6A-30DF8EF7736F}.Release|x64.ActiveCfg = Release|x64
		{CE07D029-FBC2-4681-BB6A-30DF8EF7736F}.Release|x64.Build.0 = Release|x64
		{CE07D029-FBC2-4681-BB6A-30DF8EF7736F}.Release|x86.ActiveCfg = Release|Win32
		{CE07D029-FBC2-4681-BB6A-30DF8EF7736F}.Release|x86.Build.0 = Release|Win32
		{CB6357EE-7C81-4D43-9173-D4571A4FB4C5}.Debug|x64.ActiveCfg = Debug|x64
		{CB6357EE-7C81-4D43-9173-D4571A4FB4C5}.Debug|x64.Build.0 = Debug|x64
		{CB6357EE-7C81-4D43-9173-D4571A4FB4C5}.Debug|x86.ActiveCfg = Debug|Win32
		{CB6357EE-7C81-4D43-9173-D4571A4FB4C5}.Debug|x86.Build.0 = Debug|Win32
		{CB6357EE-7C81-4D43-9173-D4571A4FB4C5}.Release|x64.ActiveCfg = Release|x64
		{CB6357EE-7C81-4D43-9173-D4571A4FB4C5}.Release|x64.Build.0 = Release|x64
		{CB6357EE-7C81-4D43-9173-D4571A4FB4C5}.Release|x86.ActiveCfg = Release|Win32
		{CB6357EE-7C81-4D43-9173-D4571A4FB4C5}.Release|x86.Build.0 = Release|Win32
		{30F9FDDE-570E-40B6-AD9C-13DE2A47634D}.Debug|x64.ActiveCfg = Debug|x64
		{30F9FDDE-570E-40B6-AD9C-13DE2A47634D}.Debug|x64.Build.0 = Debug|x64
		{30F9FDDE-570E-40B6-AD9C-13DE2A47634D}.Debug|x86.ActiveCfg = Debug|Win32
		{30F9FDDE-570E-40B6-AD9C-13DE2A47634D}.Debug|x86.Build.0 = Debug|Win32
		{30F9FDDE-570E-40B6-AD9C-13DE2A47634D}.Release|x64.ActiveCfg = Release|x64
		{30F9FDDE-570E-40B6-AD9C-13DE2A47634D}.Release|x64.Build.0 = Release|x64
		{30F9FDDE-570E-40B6-AD9C-13DE2A47634D}.Release|x86.ActiveCfg = Release|Win32
		{30F9FDDE-570E-40B6-AD9C-13DE2A47634D}.Release|x86.Build.0 = Release|Win32
		{67583E0A-01E1-4B7F-8685-09CF8D6F966F}.Debug|x64.ActiveCfg = Debug|x64
		{67583E0A-01E1-4B7F-8685-09CF8D6F966F}.Debug|x64.Build.0 = Debug|x64
		{67583E0A-01E1-4B7F-8685-09CF8D6F966F}.Debug|x86.ActiveCfg = Debug|Win32
		{67583E0A-01E1-4B7F-8685-09CF8D6F966F}.Debug|x86.Build.0 = Debug|Win32
		{67583E0A-01E1-4B7F-8685-09CF8D6F966F}.Release|x64.ActiveCfg = Release|x64
		{67583E0A-01E1-4B7F-8685-09CF8D6F966F}.Release|x64.Build.0 = Release|x64
		{67583E0A-01E1-4B7F-8685-09CF8D6F966F}.Release|x86.ActiveCfg = Release|Win32
		{67583E0A-01E1-4B7F-8685-09CF8D6F966F}.Release|x86.Build.0 = Release|Win32
		{125AA28E-C823-43A4-BDD8-FB9E9E56B0AC}.Debug|x64.ActiveCfg = Debug|x64
		{125AA28E-C823-43A4-BDD8-FB9E9E56B0AC}.Debug|x64.Build.0 = Debug|x64
		{125AA28E-C823-43A4-BDD8-FB9E9E56B0AC}.Debug|x86.ActiveCfg = Debug|Win32
		{125AA28E-C823-43A4-BDD8-FB9E9E56B0AC}.Debug|x86.Build.0 = Debug|Win32
		{125AA28E-C823-43A4-BDD8-FB9E9E56B0AC}.Release|x64.ActiveCfg = Release|x64
		{125AA28E-C823-43A4-BDD8-FB9E9E56B0AC}.Release|x64.Build.0 = Release|x64
		{125AA28E-C823-43A4-BDD8-FB9E9E56B0AC}.Release|x86.ActiveCfg = Release|Win32
		{125AA28E-C823-43A4-BDD8-FB9E9E56B0AC}.Release|x86.Build.0 = Release|Win32
		{5FC6D5E8-FD93-4304-96B7-BA4160E08E54}.Debug|x64.ActiveCfg = Debug|x64
		{5FC6D5E8-FD93-4304-96B7-BA4160E08E54}.Debug|x64.Build.0 = Debug|x64
		{5FC6D5E8-FD93-4304-96B7-BA4160E08E54}.Debug|x86.ActiveCfg = Debug|Win32
		{5FC6D5E8-FD93-4304-96B7-BA4160E08E54}.Debug|x86.Build.0 = Debug|Win32
		{5FC6D5E8-FD93-4304-96B7-BA4160E08E54}.Release|x64.ActiveCfg = Release|x64
		{5FC6D5E8-FD93-4304-96B7-BA4160E08E54}.Release|x64.Build.0 = Release|x64
		{5FC6D5E8-FD93-4304-96B7-BA4160E08E54}.Release|x86.ActiveCfg = Release|Win32
		{5FC6D5E8-FD93-4304-96B7-BA4160E08E54}.Release|x86.Build.0 = Release|Win32
		{A4722B8F-985D-4A7E-9E36-204AC9ED8244}.Debug|x64.ActiveCfg = Debug|x64
		{A4722B8F-985D-4A7E-9E36-204AC9ED8244}.Debug|x64.Build.0 = Debug|x64
		{A4722B8F-985D-4A7E-9E36-204AC9ED8244}.Debug|x86.ActiveCfg = Debug|Win32
		{A4722B8F-985D-4A7E-9E36-204AC9ED8244}.Debug|x86.Build.0 = Debug|Win32
		{A4722B8F-985D-4A7E-9E36-204AC9ED8244}.Release|x64.ActiveCfg = Release|x64
		{A4722B8F-985D-4A7E-9E36-204AC9ED8244}.Release|x64.Build.0 = Release|x64
		{A4722B8F-985D-4A7E-9E36-204AC9ED8244}.Release|x86.ActiveCfg = Release|Win32
		{A4722B8F-985D-4A7E-9E36-204AC9ED8244}.Release|x86.Build.0 = Release|Win32
		{DB51C73B-4063-412E-BFCC-AAF07CFC5496}.Debug|x64.ActiveCfg = Debug|x64
		{DB51C73B-4063-412E-BFCC-AAF07CFC5496}.Debug|x64.Build.0 = Debug|x64
		{DB51C73B-4063-412E-BFCC-AAF07CFC5496}.Debug|x86.ActiveCfg = Debug|Win32
		{DB51C73B-4063-412E-BFCC-AAF07CFC5496}.Debug|x86.Build.0 = Debug|Win32
		{DB51C73B-4063-412E-BFCC-AAF07CFC5496}.Release|x64.ActiveCfg = Release|x64
		{DB51C73B-4063-412E-BFCC-AAF07CFC5496}.Release|x64.Build.0 = Release|x64
		{DB51C73B-4063-412E-BFCC-AAF07CFC5496}.Release|x86.ActiveCfg = Release|Win32
		{DB51C73B-4063-412E-BFCC-AAF07CFC5496}.Release|x86.Build.0 = Release|Win32
		{8CE27E4B-23C8-4F17-8A26-CCAAACE17895}.Debug|x64.ActiveCfg = Debug|x64
		{8CE27E4B-23C8-4F17-8A26-CCAAACE17895}.Debug|x64.Build.0 = Debug|x64
		{8CE27E4B-23C8-4F17-8A26-CCAAACE17895}.Debug|x86.ActiveCfg = Debug|Win32
		{8CE27E4B-23C8-4F17-8A26-CCAAACE17895}.Debug|x86.Build.0 = Debug|Win32
		{8CE27E4B-23C8-4F17-8A26-CCAAACE17895}.Release|x64.ActiveCfg = Release|x64
		{8CE27E4B-23C8-4F17-8A26-CCAAACE17895}.Release|x64.Build.0 = Release|x64
		{8CE27E4B-23C8-4F17-8A26-CCAAACE17895}.Release|x86.ActiveCfg = Release|Win32
		{8CE27E4B-23C8-4F17-8A26-CCAAACE17895}.Release|x86.Build.0 = Release|Win32
		{3EE7F6A4-CBB1-464A-A677-EA7E3050E0B1}.Debug|x64.ActiveCfg = Debug|x64
		{3EE7F6A4-CBB1-464A-A677-EA7E3050E0B1}.Debug|x64.Build.0 = Debug|x64
		{3EE7F6A4-CBB1-464A-A677-EA7E3050E0B1}.Debug|x86.ActiveCfg = Debug|Win32
		{3EE7F6A4-CBB1-464A-A677-EA7E3050E0B1}.Debug|x86.Build.0 = Debug|Win32
		{3EE7F6A4-CBB1-464A-A677-EA7E3050E0B1}.Release|x64.ActiveCfg = Release|x64
		{3EE7F6A4-CBB1-464A-A677-EA7E3050E0B1}.Release|x64.Build.0 = Release|x64
		{3EE7F6A4-CBB1-464A-A677-EA7E3050E0B1}.Release|x86.ActiveCfg = Release|Win32
		{3EE7F6A4-CBB1-464A-A677-EA7E3050E0B1}.Release|x86.Build.0 = Release|Win32
		{2DAB6637-CD13-41A3-91F2-BA6D9E166C4E}.Debug|x64.ActiveCfg = Debug|x64
		{2DAB6637-CD13-41A3-91F2-BA6D9E166C4E}.Debug|x64.Build.0 = Debug|x64
		{2DAB6637-CD13-41A3-91F2-BA6D9E166C4E}.Debug|x86.ActiveCfg = Debug|Win32
		{2DAB6637-CD13-41A3-91F2-BA6D9E166C4E}.Debug|x86.Build.0 = Debug|Win32
		{2DAB6637-CD13-41A3-91F2-BA6D9E166C4E}.Release|x64.ActiveCfg = Release|x64
		{2DAB6637-CD13-41A3-91F2-BA6D9E166C4E}.Release|x64.Build.0 = Release|x64
		{2DAB6637-CD13-41A3-91F2-BA6D9E166C4E}.Release|x86.ActiveCfg = Release|Win32
		{2DAB6637-CD13-41A3-91F2-BA6D9E166C4E}.Release|x86.Build.0 = Release|Win32
		{6FE7D865-4E39-47D2-8EC5-FEFF393D9B6D}.Debug|x64.ActiveCfg = Debug|x64
		{6FE7D865-4E39-47D2-8EC5-FEFF393D9B6D}.Debug|x64.Build.0 = Debug|x64
		{6FE7D865-4E39-47D2-8EC5-FEFF393D9B6D}.Debug|x86.ActiveCfg = Debug|Win32
		{6FE7D865-4E39-47D2-8EC5-FEFF393D9B6D}.Debug|x86.Build.0 = Debug|Win32
		{6FE7D865-4E39-47D2-8EC5-FEFF393D9B6D}.Release|x64.ActiveCfg = Release|x64
		{6FE7D865-4E39-47D2-8EC5-FEFF393D9B6D}.Release|x64.Build.0 = Release|x64
		{6FE7D865-4E39-47D2-8EC5-FEFF393D9B6D}.Release|x86.ActiveCfg = Release|Win32
		{6FE7D865-4E39-47D2-8EC5-FEFF393D9B6D}.Release|x86.Build.0 = Release|Win32
		{6C8DAB52-EB74-4898-BE62-5A8DC3B44573}.Debug|x64.ActiveCfg = Debug|x64
		{6C8DAB52-EB74-4898-BE62-5A8DC3B44573}.Debug|x64.Build.0 = Debug|x64
		{6C8DAB52-EB74-4898-BE62-5A8DC3B44573}.Debug|x86.ActiveCfg = Debug|Win32
		{6C8DAB52-EB74-4898-BE62-5A8DC3B44573}.Debug|x86.Build.0 = Debug|Win32
		{6C8DAB52-EB74-4898-BE62-5A8DC3B44573}.Release|x64.ActiveCfg = Release|x64
		{6C8DAB52-EB74-4898-BE62-5A8DC3B44573}.Release|x64.Build.0 = Release|x64
		{6C8DAB52-EB74-4898-BE62-5A8DC3B44573}.Release|x86.ActiveCfg = Release|Win32
		{6C8DAB52-EB74-4898-BE62-5A8DC3B44573}.Release|x86.Build.0 = Release|Win32
		{0D05D4C6-E416-49B8-A50F-CB70499EC0D4}.Debug|x64.ActiveCfg = Debug|x64
		{0D05D4C6-E416-49B8-A50F-CB70499EC0D4}.Debug|x64.Build.0 = Debug|x64
		{0D05D4C6-E416-49B8-A50F-CB70499EC0D4}.Debug|x86.ActiveCfg = Debug|Win32
		{0D05D4C6-E416-49B8-A50F-CB70499EC0D4}.Debug|x86.Build.0 = Debug|Win32
		{0D05D4C6-E416-49B8-A50F-CB70499EC0D4}.Release|x64.ActiveCfg = Release|x64
		{0D05D4C6-E416-49B8-A50F-CB70499EC0D4}.Release|x64.Build.0 = Release|x64
		{0D05D4C6-E416-49B8-A50F-CB70499EC0D4}.Release|x86.ActiveCfg = Release|Win32
		{0D05D4C6-E416-49B8-A50F-CB70499EC0D4}.Release|x86.Build.0 = Release|Win32
		{BC24D677-831E-4FA9-B1E4-F5B02A085577}.Debug|x64.ActiveCfg = Debug|x64
		{BC24D677-831E-4FA9-B1E4-F5B02A085577}.Debug|x64.Build.0 = Debug|x64
		{BC24D677-831E-4FA9-B1E4-F5B02A085577}.Debug|x86.ActiveCfg = Debug|Win32
		{BC24D677-831E-4FA9-B1E4-F5B02A085577}.Debug|x86.Build.0 = Debug|Win32
		{BC24D677-831E-4FA9-B1E4-F5B02A085577}.Release|x64.ActiveCfg = Release|x64
		{BC24D677-831E-4FA9-B1E4-F5B02A085577}.Release|x64.Build.0 = Release|x64
		{BC24D677-831E-4FA9-B1E4-F5B02A085577}.Release|x86.ActiveCfg = Release|Win32
		{BC24D677-831E-4FA9-B1E4-F5B02A085577}.Release|x86.Build.0 = Release|Win32
		{2254B33B-5978-483D-BD0F-E73E000CCDBE}.Debug|x64.ActiveCfg = Debug|x64
		{2254B33B-5978-483D-BD0F-E73E000CCDBE}.Debug|x64.Build.0 = Debug|x64
		{2254B33B-5978-483D-BD0F-E73E000CCDBE}.Debug|x86.ActiveCfg = Debug|Win32
		{2254B33B-5978-483D-BD0F-E73E000CCDBE}.Debug|x86.Build.0 = Debug|Win32
		{2254B33B-5978-483D-BD0F-E73E000CCDBE}.Release|x64.ActiveCfg = Release|x64
		{2254B33B-5978-483D-BD0F-E73E000CCDBE}.Release|x64.Build.0 = Release|x64
		{2254B33B-5978-483D-BD0F-E73E000CCDBE}.Release|x86.ActiveCfg = Release|Win32
		{2254B33B-5978-483D-BD0F-E73E000CCDBE}.Release|x86.Build.0 = Release|Win32
		{D17EB761-1C4E-45A2-92D7-251C0697F5F9}.Debug|x64.ActiveCfg = Debug|x64
		{D17EB761-1C4E-45A2-92D7-251C0697F5F9}.Debug|x64.Build.0 = Debug|x64
		{D17EB761-1C4E-45A2-92D7-251C0697F5F9}.Debug|x86.ActiveCfg = Debug|Win32
		{D17EB761-1C4E-45A2-92D7-251C0697F5F9}.Debug|x86.Build.0 = Debug|Win32
		{D17EB761-1C4E-45A2-92D7-251C0697F5F9}.Release|x64.ActiveCfg = Release|x64
		{D17EB761-1C4E-45A2-92D7-251C0697F5F9}.Release|x64.Build.0 = Release|x64
		{D17EB761-1C4E-45A2-92D7-251C0697F5F9}.Release|x86.ActiveCfg = Release|Win32
		{D17EB761-1C4E-45A2-92D7-251C0697F5F9}.Release|x86.Build.0 = Release|Win32
		{E1E53B78-0B80-4544-A02B-38FE3FF7E210}.Debug|x64.ActiveCfg = Debug|x64
		{E1E53B78-0B80-4544-A02B-38FE3FF7E210}.Debug|x64.Build.0 = Debug|x64
		{E1E53B78-0B80-4544-A02B-38FE3FF7E210}.Debug|x86.ActiveCfg = Debug|Win32
		{E1E53B78-0B80-4544-A02B-38FE3FF7E210}.Debug|x86.Build.0 = Debug|Win32
		{E1E53B78-0B80-4544-A02B-38FE3FF7E210}.Release|x64.ActiveCfg = Release|x64
		{E1E53B78-0B80-4544-A02B-38FE3FF7E210}.Release|x64.Build.0 = Release|x64
		{E1E53B78-0B80-4544-A02B-38FE3FF7E210}.Release|x86.ActiveCfg = Release|Win32
		{E1E53B78-0B80-4544-A02B-38FE3FF7E210}.Release|x86.Build.0 = Release|Win32
		{34C1105F-9DFB-4DFE-9284-34BE3EDBD979}.Debug|x64.ActiveCfg = Debug|x64
		{34C1105F-9DFB-4DFE-9284-34BE3EDBD979}.Debug|x64.Build.0 = Debug|x64
		{34C1105F-9DFB-4DFE-9284-34BE3EDBD979}.Debug|x86.ActiveCfg = Debug|Win32
		{34C1105F-9DFB-4DFE-9284-34BE3EDBD979}.Debug|x86.Build.0 = Debug|Win32
		{34C1105F-9DFB-4DFE-9284-34BE3EDBD979}.Release|x64.ActiveCfg = Release|x64
		{34C1105F-9DFB-4DFE-9284-34BE3EDBD979}.Release|x64.Build.0 = Release|x64
		{34C1105F-9DFB-4DFE-9284-34BE3EDBD979}.Release|x86.ActiveCfg = Release|Win32
		{34C1105F-9DFB-4DFE-9284-34BE3EDBD979}.Release|x86.Build.0 = Release|Win32
		{5B9E2F84-745A-483A-9F2B-351DE2D27F84}.Debug|x64.ActiveCfg = Debug|x64
		{5B9E2F84-745A-483A-9F2B-351DE2D27F84}.Debug|x64.Build.0 = Debug|x64
		{5B9E2F84-745A-483A-9F2B-351DE2D27F84}.Debug|x86.ActiveCfg = Debug|Win32
		{5B9E2F84-745A-483A-9F2B-351DE2D27F84}.Debug|x86.Build.0 = Debug|Win32
		{5B9E2F84-745A-483A-9F2B-351DE2D27F84}.Release|x64.ActiveCfg = Release|x64
		{5B9E2F84-745A-483A-9F2B-351DE2D27F84}.Release|x64.Build.0 = Release|x64
		{5B9E2F84-745A-483A-9F2B-351DE2D27F84}.Release|x86.ActiveCfg = Release|Win32
		{5B9E2F84-745A-483A-9F2B-351DE2D27F84}.Release|x86.Build.0 = Release|Win32
		{887DDD15-8416-44B3-8C1E-5F97686A1E7D}.Debug|x64.ActiveCfg = Debug|x64
		{887DDD15-8416-44B3-8C1E-5F97686A1E7D}.Debug|x64.Build.0 = Debug|x64
		{887DDD15-8416-44B3-8C1E-5F97686A1E7D}.Debug|x86.ActiveCfg = Debug|Win32
		{887DDD15-8416-44B3-8C1E-5F97686A1E7D}.Debug|x86.Build.0 = Debug|Win32
		{887DDD15-8416-44B3-8C1E-5F97686A1E7D}.Release|x64.ActiveCfg = Release|x64
		{887DDD15-8416-44B3-8C1E-5F97686A1E7D}.Release|x64.Build.0 = Release|x64
		{887DDD15-8416-44B3-8C1E-5F97686A1E7D}.Release|x86.ActiveCfg = Release|Win32
		{887DDD15-8416-44B3-8C1E-5F97686A1E7D}.Release|x86.Build.0 = Release|Win32
	EndGlobalSection
	GlobalSection(SolutionProperties) = preSolution
		HideSolutionNode = FALSE
	EndGlobalSection
	GlobalSection(NestedProjects) = preSolution
		{887DDD15-8416-44B3-8C1E-5F97686A1E7D} = {20AE4286-8141-460E-BCD2-07048DB4B52A}
	EndGlobalSection
	GlobalSection(ExtensibilityGlobals) = postSolution
		SolutionGuid = {A34AEAF0-6B36-4EAD-85BA-6499735D1006}
	EndGlobalSection
EndGlobal
